
Microsoft Visual Studio Solution File, Format Version 12.00
# Visual Studio Version 16
VisualStudioVersion = 16.0.32002.261
MinimumVisualStudioVersion = 10.0.40219.1
Project("{FAE04EC0-301F-11D3-BF4B-00C04F79EFBC}") = "FormalLanguages", "FormalLanguages\FormalLanguages.csproj", "{89223157-ADA9-4916-AE33-A8A7C9EA9FDC}"
EndProject
Global
	GlobalSection(SolutionConfigurationPlatforms) = preSolution
		Debug|Any CPU = Debug|Any CPU
		Release|Any CPU = Release|Any CPU
	EndGlobalSection
	GlobalSection(ProjectConfigurationPlatforms) = postSolution
		{89223157-ADA9-4916-AE33-A8A7C9EA9FDC}.Debug|Any CPU.ActiveCfg = Debug|Any CPU
		{89223157-ADA9-4916-AE33-A8A7C9EA9FDC}.Debug|Any CPU.Build.0 = Debug|Any CPU
		{89223157-ADA9-4916-AE33-A8A7C9EA9FDC}.Release|Any CPU.ActiveCfg = Release|Any CPU
		{89223157-ADA9-4916-AE33-A8A7C9EA9FDC}.Release|Any CPU.Build.0 = Release|Any CPU
	EndGlobalSection
	GlobalSection(SolutionProperties) = preSolution
		HideSolutionNode = FALSE
	EndGlobalSection
	GlobalSection(ExtensibilityGlobals) = postSolution
		SolutionGuid = {2E786767-9FAF-4D1B-A860-DBAC70C9E6CE}
	EndGlobalSection
EndGlobal
